// !$*UTF8*$!
{
	archiveVersion = 1;
	classes = {
	};
	objectVersion = 46;
	objects = {

/* Begin PBXBuildFile section */
		5430666819B98E2300C3F444 /* IGAppDelegate.m in Sources */ = {isa = PBXBuildFile; fileRef = 5430666519B98E2300C3F444 /* IGAppDelegate.m */; };
		5430666919B98E2300C3F444 /* IGYouTubeExtractorDemoTableViewController.m in Sources */ = {isa = PBXBuildFile; fileRef = 5430666719B98E2300C3F444 /* IGYouTubeExtractorDemoTableViewController.m */; };
		5430666B19B98E3100C3F444 /* Images.xcassets in Resources */ = {isa = PBXBuildFile; fileRef = 5430666A19B98E3100C3F444 /* Images.xcassets */; };
		5430666F19B98E3F00C3F444 /* IGYouTubeExtractorDemo-Info.plist in Resources */ = {isa = PBXBuildFile; fileRef = 5430666C19B98E3F00C3F444 /* IGYouTubeExtractorDemo-Info.plist */; };
		5430667019B98E3F00C3F444 /* main.m in Sources */ = {isa = PBXBuildFile; fileRef = 5430666E19B98E3F00C3F444 /* main.m */; };
		5430667419B98E4C00C3F444 /* InfoPlist.strings in Resources */ = {isa = PBXBuildFile; fileRef = 5430667219B98E4C00C3F444 /* InfoPlist.strings */; };
		5430667919B98E6400C3F444 /* InfoPlist.strings in Resources */ = {isa = PBXBuildFile; fileRef = 5430667719B98E6400C3F444 /* InfoPlist.strings */; };
		5430667A19B98E6600C3F444 /* IGYouTubeExtractorDemoTests.m in Sources */ = {isa = PBXBuildFile; fileRef = 5430667519B98E5C00C3F444 /* IGYouTubeExtractorDemoTests.m */; };
		5430667C19B98E6F00C3F444 /* IGYouTubeExtractorDemoTests-Info.plist in Resources */ = {isa = PBXBuildFile; fileRef = 5430667B19B98E6F00C3F444 /* IGYouTubeExtractorDemoTests-Info.plist */; };
		54D232F019B99819009DA47C /* IGYouTubeExtractor.m in Sources */ = {isa = PBXBuildFile; fileRef = 54D232ED19B99819009DA47C /* IGYouTubeExtractor.m */; };
		90A6A041190C3A6C0086D4CF /* Foundation.framework in Frameworks */ = {isa = PBXBuildFile; fileRef = 90A6A040190C3A6C0086D4CF /* Foundation.framework */; };
		90A6A043190C3A6C0086D4CF /* CoreGraphics.framework in Frameworks */ = {isa = PBXBuildFile; fileRef = 90A6A042190C3A6C0086D4CF /* CoreGraphics.framework */; };
		90A6A045190C3A6C0086D4CF /* UIKit.framework in Frameworks */ = {isa = PBXBuildFile; fileRef = 90A6A044190C3A6C0086D4CF /* UIKit.framework */; };
		90A6A05A190C3A6C0086D4CF /* XCTest.framework in Frameworks */ = {isa = PBXBuildFile; fileRef = 90A6A059190C3A6C0086D4CF /* XCTest.framework */; };
		90A6A05B190C3A6C0086D4CF /* Foundation.framework in Frameworks */ = {isa = PBXBuildFile; fileRef = 90A6A040190C3A6C0086D4CF /* Foundation.framework */; };
		90A6A05C190C3A6C0086D4CF /* UIKit.framework in Frameworks */ = {isa = PBXBuildFile; fileRef = 90A6A044190C3A6C0086D4CF /* UIKit.framework */; };
/* End PBXBuildFile section */

/* Begin PBXContainerItemProxy section */
		90A6A05D190C3A6C0086D4CF /* PBXContainerItemProxy */ = {
			isa = PBXContainerItemProxy;
			containerPortal = 90A6A035190C3A6C0086D4CF /* Project object */;
			proxyType = 1;
			remoteGlobalIDString = 90A6A03C190C3A6C0086D4CF;
			remoteInfo = RMYouTubeExtractorDemo;
		};
/* End PBXContainerItemProxy section */

/* Begin PBXFileReference section */
		5430666419B98E2300C3F444 /* IGAppDelegate.h */ = {isa = PBXFileReference; fileEncoding = 4; lastKnownFileType = sourcecode.c.h; name = IGAppDelegate.h; path = IGYouTubeExtractorDemo/IGAppDelegate.h; sourceTree = SOURCE_ROOT; };
		5430666519B98E2300C3F444 /* IGAppDelegate.m */ = {isa = PBXFileReference; fileEncoding = 4; lastKnownFileType = sourcecode.c.objc; name = IGAppDelegate.m; path = IGYouTubeExtractorDemo/IGAppDelegate.m; sourceTree = SOURCE_ROOT; };
		5430666619B98E2300C3F444 /* IGYouTubeExtractorDemoTableViewController.h */ = {isa = PBXFileReference; fileEncoding = 4; lastKnownFileType = sourcecode.c.h; name = IGYouTubeExtractorDemoTableViewController.h; path = IGYouTubeExtractorDemo/IGYouTubeExtractorDemoTableViewController.h; sourceTree = SOURCE_ROOT; };
		5430666719B98E2300C3F444 /* IGYouTubeExtractorDemoTableViewController.m */ = {isa = PBXFileReference; fileEncoding = 4; lastKnownFileType = sourcecode.c.objc; name = IGYouTubeExtractorDemoTableViewController.m; path = IGYouTubeExtractorDemo/IGYouTubeExtractorDemoTableViewController.m; sourceTree = SOURCE_ROOT; };
		5430666A19B98E3100C3F444 /* Images.xcassets */ = {isa = PBXFileReference; lastKnownFileType = folder.assetcatalog; name = Images.xcassets; path = IGYouTubeExtractorDemo/Images.xcassets; sourceTree = SOURCE_ROOT; };
		5430666C19B98E3F00C3F444 /* IGYouTubeExtractorDemo-Info.plist */ = {isa = PBXFileReference; fileEncoding = 4; lastKnownFileType = text.plist.xml; name = "IGYouTubeExtractorDemo-Info.plist"; path = "IGYouTubeExtractorDemo/IGYouTubeExtractorDemo-Info.plist"; sourceTree = SOURCE_ROOT; };
		5430666D19B98E3F00C3F444 /* IGYouTubeExtractorDemo-Prefix.pch */ = {isa = PBXFileReference; fileEncoding = 4; lastKnownFileType = sourcecode.c.h; name = "IGYouTubeExtractorDemo-Prefix.pch"; path = "IGYouTubeExtractorDemo/IGYouTubeExtractorDemo-Prefix.pch"; sourceTree = SOURCE_ROOT; };
		5430666E19B98E3F00C3F444 /* main.m */ = {isa = PBXFileReference; fileEncoding = 4; lastKnownFileType = sourcecode.c.objc; name = main.m; path = IGYouTubeExtractorDemo/main.m; sourceTree = SOURCE_ROOT; };
		5430667319B98E4C00C3F444 /* en */ = {isa = PBXFileReference; lastKnownFileType = text.plist.strings; name = en; path = IGYouTubeExtractorDemo/en.lproj/InfoPlist.strings; sourceTree = SOURCE_ROOT; };
		5430667519B98E5C00C3F444 /* IGYouTubeExtractorDemoTests.m */ = {isa = PBXFileReference; fileEncoding = 4; lastKnownFileType = sourcecode.c.objc; name = IGYouTubeExtractorDemoTests.m; path = IGYouTubeExtractorDemoTests/IGYouTubeExtractorDemoTests.m; sourceTree = SOURCE_ROOT; };
		5430667819B98E6400C3F444 /* en */ = {isa = PBXFileReference; lastKnownFileType = text.plist.strings; name = en; path = IGYouTubeExtractorDemoTests/en.lproj/InfoPlist.strings; sourceTree = SOURCE_ROOT; };
		5430667B19B98E6F00C3F444 /* IGYouTubeExtractorDemoTests-Info.plist */ = {isa = PBXFileReference; fileEncoding = 4; lastKnownFileType = text.plist.xml; name = "IGYouTubeExtractorDemoTests-Info.plist"; path = "IGYouTubeExtractorDemoTests/IGYouTubeExtractorDemoTests-Info.plist"; sourceTree = SOURCE_ROOT; };
		54D232EC19B99819009DA47C /* IGYouTubeExtractor.h */ = {isa = PBXFileReference; fileEncoding = 4; lastKnownFileType = sourcecode.c.h; name = IGYouTubeExtractor.h; path = ../IGYouTubeExtractor/IGYouTubeExtractor.h; sourceTree = SOURCE_ROOT; };
		54D232ED19B99819009DA47C /* IGYouTubeExtractor.m */ = {isa = PBXFileReference; fileEncoding = 4; lastKnownFileType = sourcecode.c.objc; name = IGYouTubeExtractor.m; path = ../IGYouTubeExtractor/IGYouTubeExtractor.m; sourceTree = SOURCE_ROOT; };
		90A6A03D190C3A6C0086D4CF /* IGYouTubeExtractorDemo.app */ = {isa = PBXFileReference; explicitFileType = wrapper.application; includeInIndex = 0; path = IGYouTubeExtractorDemo.app; sourceTree = BUILT_PRODUCTS_DIR; };
		90A6A040190C3A6C0086D4CF /* Foundation.framework */ = {isa = PBXFileReference; lastKnownFileType = wrapper.framework; name = Foundation.framework; path = System/Library/Frameworks/Foundation.framework; sourceTree = SDKROOT; };
		90A6A042190C3A6C0086D4CF /* CoreGraphics.framework */ = {isa = PBXFileReference; lastKnownFileType = wrapper.framework; name = CoreGraphics.framework; path = System/Library/Frameworks/CoreGraphics.framework; sourceTree = SDKROOT; };
		90A6A044190C3A6C0086D4CF /* UIKit.framework */ = {isa = PBXFileReference; lastKnownFileType = wrapper.framework; name = UIKit.framework; path = System/Library/Frameworks/UIKit.framework; sourceTree = SDKROOT; };
		90A6A058190C3A6C0086D4CF /* IGYouTubeExtractorDemoTests.xctest */ = {isa = PBXFileReference; explicitFileType = wrapper.cfbundle; includeInIndex = 0; path = IGYouTubeExtractorDemoTests.xctest; sourceTree = BUILT_PRODUCTS_DIR; };
		90A6A059190C3A6C0086D4CF /* XCTest.framework */ = {isa = PBXFileReference; lastKnownFileType = wrapper.framework; name = XCTest.framework; path = Library/Frameworks/XCTest.framework; sourceTree = DEVELOPER_DIR; };
/* End PBXFileReference section */

/* Begin PBXFrameworksBuildPhase section */
		90A6A03A190C3A6C0086D4CF /* Frameworks */ = {
			isa = PBXFrameworksBuildPhase;
			buildActionMask = 2147483647;
			files = (
				90A6A043190C3A6C0086D4CF /* CoreGraphics.framework in Frameworks */,
				90A6A045190C3A6C0086D4CF /* UIKit.framework in Frameworks */,
				90A6A041190C3A6C0086D4CF /* Foundation.framework in Frameworks */,
			);
			runOnlyForDeploymentPostprocessing = 0;
		};
		90A6A055190C3A6C0086D4CF /* Frameworks */ = {
			isa = PBXFrameworksBuildPhase;
			buildActionMask = 2147483647;
			files = (
				90A6A05A190C3A6C0086D4CF /* XCTest.framework in Frameworks */,
				90A6A05C190C3A6C0086D4CF /* UIKit.framework in Frameworks */,
				90A6A05B190C3A6C0086D4CF /* Foundation.framework in Frameworks */,
			);
			runOnlyForDeploymentPostprocessing = 0;
		};
/* End PBXFrameworksBuildPhase section */

/* Begin PBXGroup section */
		90A6A034190C3A6C0086D4CF = {
			isa = PBXGroup;
			children = (
				90A6A046190C3A6C0086D4CF /* IGYouTubeExtractorDemo */,
				90A6A05F190C3A6C0086D4CF /* IGYouTubeExtractorDemoTests */,
				90A6A03F190C3A6C0086D4CF /* Frameworks */,
				90A6A03E190C3A6C0086D4CF /* Products */,
			);
			sourceTree = "<group>";
		};
		90A6A03E190C3A6C0086D4CF /* Products */ = {
			isa = PBXGroup;
			children = (
				90A6A03D190C3A6C0086D4CF /* IGYouTubeExtractorDemo.app */,
				90A6A058190C3A6C0086D4CF /* IGYouTubeExtractorDemoTests.xctest */,
			);
			name = Products;
			sourceTree = "<group>";
		};
		90A6A03F190C3A6C0086D4CF /* Frameworks */ = {
			isa = PBXGroup;
			children = (
				90A6A040190C3A6C0086D4CF /* Foundation.framework */,
				90A6A042190C3A6C0086D4CF /* CoreGraphics.framework */,
				90A6A044190C3A6C0086D4CF /* UIKit.framework */,
				90A6A059190C3A6C0086D4CF /* XCTest.framework */,
			);
			name = Frameworks;
			sourceTree = "<group>";
		};
		90A6A046190C3A6C0086D4CF /* IGYouTubeExtractorDemo */ = {
			isa = PBXGroup;
			children = (
				90A6A06F190C3A800086D4CF /* IGYouTubeExtractor */,
				5430666419B98E2300C3F444 /* IGAppDelegate.h */,
				5430666519B98E2300C3F444 /* IGAppDelegate.m */,
				5430666619B98E2300C3F444 /* IGYouTubeExtractorDemoTableViewController.h */,
				5430666719B98E2300C3F444 /* IGYouTubeExtractorDemoTableViewController.m */,
				5430666A19B98E3100C3F444 /* Images.xcassets */,
				90A6A047190C3A6C0086D4CF /* Supporting Files */,
			);
			name = IGYouTubeExtractorDemo;
			path = RMYouTubeExtractorDemo;
			sourceTree = "<group>";
		};
		90A6A047190C3A6C0086D4CF /* Supporting Files */ = {
			isa = PBXGroup;
			children = (
				5430667219B98E4C00C3F444 /* InfoPlist.strings */,
				5430666C19B98E3F00C3F444 /* IGYouTubeExtractorDemo-Info.plist */,
				5430666D19B98E3F00C3F444 /* IGYouTubeExtractorDemo-Prefix.pch */,
				5430666E19B98E3F00C3F444 /* main.m */,
			);
			name = "Supporting Files";
			sourceTree = "<group>";
		};
		90A6A05F190C3A6C0086D4CF /* IGYouTubeExtractorDemoTests */ = {
			isa = PBXGroup;
			children = (
				5430667519B98E5C00C3F444 /* IGYouTubeExtractorDemoTests.m */,
				90A6A060190C3A6C0086D4CF /* Supporting Files */,
			);
			name = IGYouTubeExtractorDemoTests;
			path = RMYouTubeExtractorDemoTests;
			sourceTree = "<group>";
		};
		90A6A060190C3A6C0086D4CF /* Supporting Files */ = {
			isa = PBXGroup;
			children = (
				5430667B19B98E6F00C3F444 /* IGYouTubeExtractorDemoTests-Info.plist */,
				5430667719B98E6400C3F444 /* InfoPlist.strings */,
			);
			name = "Supporting Files";
			sourceTree = "<group>";
		};
		90A6A06F190C3A800086D4CF /* IGYouTubeExtractor */ = {
			isa = PBXGroup;
			children = (
				54D232EC19B99819009DA47C /* IGYouTubeExtractor.h */,
				54D232ED19B99819009DA47C /* IGYouTubeExtractor.m */,
			);
			name = IGYouTubeExtractor;
			path = ../../RMYouTubeExtractor;
			sourceTree = "<group>";
		};
/* End PBXGroup section */

/* Begin PBXNativeTarget section */
		90A6A03C190C3A6C0086D4CF /* IGYouTubeExtractorDemo */ = {
			isa = PBXNativeTarget;
			buildConfigurationList = 90A6A069190C3A6C0086D4CF /* Build configuration list for PBXNativeTarget "IGYouTubeExtractorDemo" */;
			buildPhases = (
				90A6A039190C3A6C0086D4CF /* Sources */,
				90A6A03A190C3A6C0086D4CF /* Frameworks */,
				90A6A03B190C3A6C0086D4CF /* Resources */,
			);
			buildRules = (
			);
			dependencies = (
			);
			name = IGYouTubeExtractorDemo;
			productName = RMYouTubeExtractorDemo;
			productReference = 90A6A03D190C3A6C0086D4CF /* IGYouTubeExtractorDemo.app */;
			productType = "com.apple.product-type.application";
		};
		90A6A057190C3A6C0086D4CF /* IGYouTubeExtractorDemoTests */ = {
			isa = PBXNativeTarget;
			buildConfigurationList = 90A6A06C190C3A6C0086D4CF /* Build configuration list for PBXNativeTarget "IGYouTubeExtractorDemoTests" */;
			buildPhases = (
				90A6A054190C3A6C0086D4CF /* Sources */,
				90A6A055190C3A6C0086D4CF /* Frameworks */,
				90A6A056190C3A6C0086D4CF /* Resources */,
			);
			buildRules = (
			);
			dependencies = (
				90A6A05E190C3A6C0086D4CF /* PBXTargetDependency */,
			);
			name = IGYouTubeExtractorDemoTests;
			productName = RMYouTubeExtractorDemoTests;
			productReference = 90A6A058190C3A6C0086D4CF /* IGYouTubeExtractorDemoTests.xctest */;
			productType = "com.apple.product-type.bundle.unit-test";
		};
/* End PBXNativeTarget section */

/* Begin PBXProject section */
		90A6A035190C3A6C0086D4CF /* Project object */ = {
			isa = PBXProject;
			attributes = {
				CLASSPREFIX = RM;
				LastUpgradeCheck = 0510;
				ORGANIZATIONNAME = "The App Boutique";
				TargetAttributes = {
					90A6A057190C3A6C0086D4CF = {
						TestTargetID = 90A6A03C190C3A6C0086D4CF;
					};
				};
			};
			buildConfigurationList = 90A6A038190C3A6C0086D4CF /* Build configuration list for PBXProject "IGYouTubeExtractorDemo" */;
			compatibilityVersion = "Xcode 3.2";
			developmentRegion = English;
			hasScannedForEncodings = 0;
			knownRegions = (
				en,
			);
			mainGroup = 90A6A034190C3A6C0086D4CF;
			productRefGroup = 90A6A03E190C3A6C0086D4CF /* Products */;
			projectDirPath = "";
			projectRoot = "";
			targets = (
				90A6A03C190C3A6C0086D4CF /* IGYouTubeExtractorDemo */,
				90A6A057190C3A6C0086D4CF /* IGYouTubeExtractorDemoTests */,
			);
		};
/* End PBXProject section */

/* Begin PBXResourcesBuildPhase section */
		90A6A03B190C3A6C0086D4CF /* Resources */ = {
			isa = PBXResourcesBuildPhase;
			buildActionMask = 2147483647;
			files = (
				5430666B19B98E3100C3F444 /* Images.xcassets in Resources */,
				5430667419B98E4C00C3F444 /* InfoPlist.strings in Resources */,
				5430666F19B98E3F00C3F444 /* IGYouTubeExtractorDemo-Info.plist in Resources */,
			);
			runOnlyForDeploymentPostprocessing = 0;
		};
		90A6A056190C3A6C0086D4CF /* Resources */ = {
			isa = PBXResourcesBuildPhase;
			buildActionMask = 2147483647;
			files = (
				5430667C19B98E6F00C3F444 /* IGYouTubeExtractorDemoTests-Info.plist in Resources */,
				5430667919B98E6400C3F444 /* InfoPlist.strings in Resources */,
			);
			runOnlyForDeploymentPostprocessing = 0;
		};
/* End PBXResourcesBuildPhase section */

/* Begin PBXSourcesBuildPhase section */
		90A6A039190C3A6C0086D4CF /* Sources */ = {
			isa = PBXSourcesBuildPhase;
			buildActionMask = 2147483647;
			files = (
				54D232F019B99819009DA47C /* IGYouTubeExtractor.m in Sources */,
				5430667019B98E3F00C3F444 /* main.m in Sources */,
				5430666919B98E2300C3F444 /* IGYouTubeExtractorDemoTableViewController.m in Sources */,
				5430666819B98E2300C3F444 /* IGAppDelegate.m in Sources */,
			);
			runOnlyForDeploymentPostprocessing = 0;
		};
		90A6A054190C3A6C0086D4CF /* Sources */ = {
			isa = PBXSourcesBuildPhase;
			buildActionMask = 2147483647;
			files = (
				5430667A19B98E6600C3F444 /* IGYouTubeExtractorDemoTests.m in Sources */,
			);
			runOnlyForDeploymentPostprocessing = 0;
		};
/* End PBXSourcesBuildPhase section */

/* Begin PBXTargetDependency section */
		90A6A05E190C3A6C0086D4CF /* PBXTargetDependency */ = {
			isa = PBXTargetDependency;
			target = 90A6A03C190C3A6C0086D4CF /* IGYouTubeExtractorDemo */;
			targetProxy = 90A6A05D190C3A6C0086D4CF /* PBXContainerItemProxy */;
		};
/* End PBXTargetDependency section */

/* Begin PBXVariantGroup section */
		5430667219B98E4C00C3F444 /* InfoPlist.strings */ = {
			isa = PBXVariantGroup;
			children = (
				5430667319B98E4C00C3F444 /* en */,
			);
			name = InfoPlist.strings;
			sourceTree = "<group>";
		};
		5430667719B98E6400C3F444 /* InfoPlist.strings */ = {
			isa = PBXVariantGroup;
			children = (
				5430667819B98E6400C3F444 /* en */,
			);
			name = InfoPlist.strings;
			sourceTree = "<group>";
		};
/* End PBXVariantGroup section */

/* Begin XCBuildConfiguration section */
		90A6A067190C3A6C0086D4CF /* Debug */ = {
			isa = XCBuildConfiguration;
			buildSettings = {
				ALWAYS_SEARCH_USER_PATHS = NO;
				CLANG_CXX_LANGUAGE_STANDARD = "gnu++0x";
				CLANG_CXX_LIBRARY = "libc++";
				CLANG_ENABLE_MODULES = YES;
				CLANG_ENABLE_OBJC_ARC = YES;
				CLANG_WARN_BOOL_CONVERSION = YES;
				CLANG_WARN_CONSTANT_CONVERSION = YES;
				CLANG_WARN_DIRECT_OBJC_ISA_USAGE = YES_ERROR;
				CLANG_WARN_EMPTY_BODY = YES;
				CLANG_WARN_ENUM_CONVERSION = YES;
				CLANG_WARN_INT_CONVERSION = YES;
				CLANG_WARN_OBJC_ROOT_CLASS = YES_ERROR;
				CLANG_WARN__DUPLICATE_METHOD_MATCH = YES;
				"CODE_SIGN_IDENTITY[sdk=iphoneos*]" = "iPhone Developer";
				COPY_PHASE_STRIP = NO;
				GCC_C_LANGUAGE_STANDARD = gnu99;
				GCC_DYNAMIC_NO_PIC = NO;
				GCC_OPTIMIZATION_LEVEL = 0;
				GCC_PREPROCESSOR_DEFINITIONS = (
					"DEBUG=1",
					"$(inherited)",
				);
				GCC_SYMBOLS_PRIVATE_EXTERN = NO;
				GCC_WARN_64_TO_32_BIT_CONVERSION = YES;
				GCC_WARN_ABOUT_RETURN_TYPE = YES_ERROR;
				GCC_WARN_UNDECLARED_SELECTOR = YES;
				GCC_WARN_UNINITIALIZED_AUTOS = YES_AGGRESSIVE;
				GCC_WARN_UNUSED_FUNCTION = YES;
				GCC_WARN_UNUSED_VARIABLE = YES;
				IPHONEOS_DEPLOYMENT_TARGET = 7.1;
				ONLY_ACTIVE_ARCH = YES;
				SDKROOT = iphoneos;
			};
			name = Debug;
		};
		90A6A068190C3A6C0086D4CF /* Release */ = {
			isa = XCBuildConfiguration;
			buildSettings = {
				ALWAYS_SEARCH_USER_PATHS = NO;
				CLANG_CXX_LANGUAGE_STANDARD = "gnu++0x";
				CLANG_CXX_LIBRARY = "libc++";
				CLANG_ENABLE_MODULES = YES;
				CLANG_ENABLE_OBJC_ARC = YES;
				CLANG_WARN_BOOL_CONVERSION = YES;
				CLANG_WARN_CONSTANT_CONVERSION = YES;
				CLANG_WARN_DIRECT_OBJC_ISA_USAGE = YES_ERROR;
				CLANG_WARN_EMPTY_BODY = YES;
				CLANG_WARN_ENUM_CONVERSION = YES;
				CLANG_WARN_INT_CONVERSION = YES;
				CLANG_WARN_OBJC_ROOT_CLASS = YES_ERROR;
				CLANG_WARN__DUPLICATE_METHOD_MATCH = YES;
				"CODE_SIGN_IDENTITY[sdk=iphoneos*]" = "iPhone Developer";
				COPY_PHASE_STRIP = YES;
				ENABLE_NS_ASSERTIONS = NO;
				GCC_C_LANGUAGE_STANDARD = gnu99;
				GCC_WARN_64_TO_32_BIT_CONVERSION = YES;
				GCC_WARN_ABOUT_RETURN_TYPE = YES_ERROR;
				GCC_WARN_UNDECLARED_SELECTOR = YES;
				GCC_WARN_UNINITIALIZED_AUTOS = YES_AGGRESSIVE;
				GCC_WARN_UNUSED_FUNCTION = YES;
				GCC_WARN_UNUSED_VARIABLE = YES;
				IPHONEOS_DEPLOYMENT_TARGET = 7.1;
				SDKROOT = iphoneos;
				VALIDATE_PRODUCT = YES;
			};
			name = Release;
		};
		90A6A06A190C3A6C0086D4CF /* Debug */ = {
			isa = XCBuildConfiguration;
			buildSettings = {
				ASSETCATALOG_COMPILER_APPICON_NAME = AppIcon;
				ASSETCATALOG_COMPILER_LAUNCHIMAGE_NAME = LaunchImage;
				GCC_PRECOMPILE_PREFIX_HEADER = YES;
				GCC_PREFIX_HEADER = "IGYouTubeExtractorDemo/IGYouTubeExtractorDemo-Prefix.pch";
				INFOPLIST_FILE = "IGYouTubeExtractorDemo/IGYouTubeExtractorDemo-Info.plist";
				PRODUCT_NAME = IGYouTubeExtractorDemo;
				WRAPPER_EXTENSION = app;
			};
			name = Debug;
		};
		90A6A06B190C3A6C0086D4CF /* Release */ = {
			isa = XCBuildConfiguration;
			buildSettings = {
				ASSETCATALOG_COMPILER_APPICON_NAME = AppIcon;
				ASSETCATALOG_COMPILER_LAUNCHIMAGE_NAME = LaunchImage;
				GCC_PRECOMPILE_PREFIX_HEADER = YES;
				GCC_PREFIX_HEADER = "IGYouTubeExtractorDemo/IGYouTubeExtractorDemo-Prefix.pch";
				INFOPLIST_FILE = "IGYouTubeExtractorDemo/IGYouTubeExtractorDemo-Info.plist";
				PRODUCT_NAME = IGYouTubeExtractorDemo;
				WRAPPER_EXTENSION = app;
			};
			name = Release;
		};
		90A6A06D190C3A6C0086D4CF /* Debug */ = {
			isa = XCBuildConfiguration;
			buildSettings = {
				BUNDLE_LOADER = "$(BUILT_PRODUCTS_DIR)/IGYouTubeExtractorDemo.app/IGYouTubeExtractorDemo";
				FRAMEWORK_SEARCH_PATHS = (
					"$(SDKROOT)/Developer/Library/Frameworks",
					"$(inherited)",
					"$(DEVELOPER_FRAMEWORKS_DIR)",
				);
				GCC_PRECOMPILE_PREFIX_HEADER = YES;
				GCC_PREFIX_HEADER = "IGYouTubeExtractorDemo/IGYouTubeExtractorDemo-Prefix.pch";
				GCC_PREPROCESSOR_DEFINITIONS = (
					"DEBUG=1",
					"$(inherited)",
				);
				INFOPLIST_FILE = "IGYouTubeExtractorDemoTests/IGYouTubeExtractorDemoTests-Info.plist";
				PRODUCT_NAME = IGYouTubeExtractorDemoTests;
				TEST_HOST = "$(BUNDLE_LOADER)";
				WRAPPER_EXTENSION = xctest;
			};
			name = Debug;
		};
		90A6A06E190C3A6C0086D4CF /* Release */ = {
			isa = XCBuildConfiguration;
			buildSettings = {
				BUNDLE_LOADER = "$(BUILT_PRODUCTS_DIR)/IGYouTubeExtractorDemo.app/IGYouTubeExtractorDemo";
				FRAMEWORK_SEARCH_PATHS = (
					"$(SDKROOT)/Developer/Library/Frameworks",
					"$(inherited)",
					"$(DEVELOPER_FRAMEWORKS_DIR)",
				);
				GCC_PRECOMPILE_PREFIX_HEADER = YES;
				GCC_PREFIX_HEADER = "IGYouTubeExtractorDemo/IGYouTubeExtractorDemo-Prefix.pch";
				INFOPLIST_FILE = "IGYouTubeExtractorDemoTests/IGYouTubeExtractorDemoTests-Info.plist";
				PRODUCT_NAME = IGYouTubeExtractorDemoTests;
				TEST_HOST = "$(BUNDLE_LOADER)";
				WRAPPER_EXTENSION = xctest;
			};
			name = Release;
		};
/* End XCBuildConfiguration section */

/* Begin XCConfigurationList section */
		90A6A038190C3A6C0086D4CF /* Build configuration list for PBXProject "IGYouTubeExtractorDemo" */ = {
			isa = XCConfigurationList;
			buildConfigurations = (
				90A6A067190C3A6C0086D4CF /* Debug */,
				90A6A068190C3A6C0086D4CF /* Release */,
			);
			defaultConfigurationIsVisible = 0;
			defaultConfigurationName = Release;
		};
		90A6A069190C3A6C0086D4CF /* Build configuration list for PBXNativeTarget "IGYouTubeExtractorDemo" */ = {
			isa = XCConfigurationList;
			buildConfigurations = (
				90A6A06A190C3A6C0086D4CF /* Debug */,
				90A6A06B190C3A6C0086D4CF /* Release */,
			);
			defaultConfigurationIsVisible = 0;
			defaultConfigurationName = Release;
		};
		90A6A06C190C3A6C0086D4CF /* Build configuration list for PBXNativeTarget "IGYouTubeExtractorDemoTests" */ = {
			isa = XCConfigurationList;
			buildConfigurations = (
				90A6A06D190C3A6C0086D4CF /* Debug */,
				90A6A06E190C3A6C0086D4CF /* Release */,
			);
			defaultConfigurationIsVisible = 0;
			defaultConfigurationName = Release;
		};
/* End XCConfigurationList section */
	};
	rootObject = 90A6A035190C3A6C0086D4CF /* Project object */;
}
